
Microsoft Visual Studio Solution File, Format Version 12.00
Project("{FAE04EC0-301F-11D3-BF4B-00C04F79EFBC}") = "testDapper", "testDapper\testDapper.csproj", "{951E13A9-E0B0-41B6-83ED-EE680AC735E2}"
EndProject
Global
	GlobalSection(SolutionConfigurationPlatforms) = preSolution
		Debug|Any CPU = Debug|Any CPU
		Release|Any CPU = Release|Any CPU
	EndGlobalSection
	GlobalSection(ProjectConfigurationPlatforms) = postSolution
		{951E13A9-E0B0-41B6-83ED-EE680AC735E2}.Debug|Any CPU.ActiveCfg = Debug|Any CPU
		{951E13A9-E0B0-41B6-83ED-EE680AC735E2}.Debug|Any CPU.Build.0 = Debug|Any CPU
		{951E13A9-E0B0-41B6-83ED-EE680AC735E2}.Release|Any CPU.ActiveCfg = Release|Any CPU
		{951E13A9-E0B0-41B6-83ED-EE680AC735E2}.Release|Any CPU.Build.0 = Release|Any CPU
	EndGlobalSection
EndGlobal
